
Microsoft Visual Studio Solution File, Format Version 12.00
# Visual Studio Version 16
VisualStudioVersion = 16.0.30503.244
MinimumVisualStudioVersion = 10.0.40219.1
Project("{9A19103F-16F7-4668-BE54-9A1E7A4F7556}") = "AWSLambdaSNSHandler1", "AWSLambdaSNSHandler1\AWSLambdaSNSHandler1.csproj", "{CCDBA82D-BDFD-4186-9062-8DAF52F94FF2}"
EndProject
Global
	GlobalSection(SolutionConfigurationPlatforms) = preSolution
		Debug|Any CPU = Debug|Any CPU
		Release|Any CPU = Release|Any CPU
	EndGlobalSection
	GlobalSection(ProjectConfigurationPlatforms) = postSolution
		{CCDBA82D-BDFD-4186-9062-8DAF52F94FF2}.Debug|Any CPU.ActiveCfg = Debug|Any CPU
		{CCDBA82D-BDFD-4186-9062-8DAF52F94FF2}.Debug|Any CPU.Build.0 = Debug|Any CPU
		{CCDBA82D-BDFD-4186-9062-8DAF52F94FF2}.Release|Any CPU.ActiveCfg = Release|Any CPU
		{CCDBA82D-BDFD-4186-9062-8DAF52F94FF2}.Release|Any CPU.Build.0 = Release|Any CPU
	EndGlobalSection
	GlobalSection(SolutionProperties) = preSolution
		HideSolutionNode = FALSE
	EndGlobalSection
	GlobalSection(ExtensibilityGlobals) = postSolution
		SolutionGuid = {AC58CFE0-4076-47D0-B263-4DA7B11BD0A5}
	EndGlobalSection
EndGlobal
